
Microsoft Visual Studio Solution File, Format Version 12.00
# Visual Studio Version 17
VisualStudioVersion = 17.12.35527.113
MinimumVisualStudioVersion = 10.0.40219.1
Project("{2150E333-8FDC-42A3-9474-1A3956D46DE8}") = "Doc", "Doc", "{96B3B208-2768-4DC9-9E87-CA4965F75A47}"
EndProject
Project("{2150E333-8FDC-42A3-9474-1A3956D46DE8}") = "Src", "Src", "{5A6C1974-3BA7-4FFA-B8A5-E8A08A98AB27}"
EndProject
Project("{2150E333-8FDC-42A3-9474-1A3956D46DE8}") = "Test", "Test", "{222C7343-5748-4CC6-A7DC-55DE2763C4E9}"
EndProject
Project("{2150E333-8FDC-42A3-9474-1A3956D46DE8}") = "Common", "Common", "{473C6D57-1C5B-411D-8429-7FD5873E4635}"
EndProject
Project("{2150E333-8FDC-42A3-9474-1A3956D46DE8}") = "Core", "Core", "{B10FDE63-DF3D-46DB-9607-11C219CA8CEE}"
EndProject
Project("{2150E333-8FDC-42A3-9474-1A3956D46DE8}") = "Presentation", "Presentation", "{27481250-77A7-4093-A4CB-3605C7198272}"
EndProject
Project("{2150E333-8FDC-42A3-9474-1A3956D46DE8}") = "Infrastructure", "Infrastructure", "{868273C3-5D65-4E48-9FF0-0F9847257D15}"
EndProject
Project("{FAE04EC0-301F-11D3-BF4B-00C04F79EFBC}") = "Karen_Store.Domain", "Karen_Store.Domain\Karen_Store.Domain.csproj", "{C351F361-6756-4C65-AFD0-4697BE838532}"
EndProject
Project("{FAE04EC0-301F-11D3-BF4B-00C04F79EFBC}") = "Karen_Store.Application", "Karen_Store.Application\Karen_Store.Application.csproj", "{C163F936-5D3A-4AA9-B557-5EE3E14BD065}"
EndProject
Project("{FAE04EC0-301F-11D3-BF4B-00C04F79EFBC}") = "Karen_Store.Infrastructure", "Karen_Store.Infrastructure\Karen_Store.Infrastructure.csproj", "{DCF57DB9-8AA4-444E-ADD3-2714F7B412CC}"
EndProject
Project("{FAE04EC0-301F-11D3-BF4B-00C04F79EFBC}") = "Karen_Store.Persistence", "Karen_Store.Persistence\Karen_Store.Persistence.csproj", "{AE10C72A-FD2B-4CAF-9525-FDF9A393830A}"
EndProject
Project("{FAE04EC0-301F-11D3-BF4B-00C04F79EFBC}") = "EndPoint.Site", "EndPoint.Site\EndPoint.Site.csproj", "{1E18EC08-0ACE-4D91-9330-92B35A3BC177}"
EndProject
Project("{FAE04EC0-301F-11D3-BF4B-00C04F79EFBC}") = "Karen_Store.Common", "Karen_Store.Common\Karen_Store.Common.csproj", "{7F27730B-F4CD-4657-B091-F33360EC4913}"
EndProject
Global
	GlobalSection(SolutionConfigurationPlatforms) = preSolution
		Debug|Any CPU = Debug|Any CPU
		Release|Any CPU = Release|Any CPU
	EndGlobalSection
	GlobalSection(ProjectConfigurationPlatforms) = postSolution
		{C351F361-6756-4C65-AFD0-4697BE838532}.Debug|Any CPU.ActiveCfg = Debug|Any CPU
		{C351F361-6756-4C65-AFD0-4697BE838532}.Debug|Any CPU.Build.0 = Debug|Any CPU
		{C351F361-6756-4C65-AFD0-4697BE838532}.Release|Any CPU.ActiveCfg = Release|Any CPU
		{C351F361-6756-4C65-AFD0-4697BE838532}.Release|Any CPU.Build.0 = Release|Any CPU
		{C163F936-5D3A-4AA9-B557-5EE3E14BD065}.Debug|Any CPU.ActiveCfg = Debug|Any CPU
		{C163F936-5D3A-4AA9-B557-5EE3E14BD065}.Debug|Any CPU.Build.0 = Debug|Any CPU
		{C163F936-5D3A-4AA9-B557-5EE3E14BD065}.Release|Any CPU.ActiveCfg = Release|Any CPU
		{C163F936-5D3A-4AA9-B557-5EE3E14BD065}.Release|Any CPU.Build.0 = Release|Any CPU
		{DCF57DB9-8AA4-444E-ADD3-2714F7B412CC}.Debug|Any CPU.ActiveCfg = Debug|Any CPU
		{DCF57DB9-8AA4-444E-ADD3-2714F7B412CC}.Debug|Any CPU.Build.0 = Debug|Any CPU
		{DCF57DB9-8AA4-444E-ADD3-2714F7B412CC}.Release|Any CPU.ActiveCfg = Release|Any CPU
		{DCF57DB9-8AA4-444E-ADD3-2714F7B412CC}.Release|Any CPU.Build.0 = Release|Any CPU
		{AE10C72A-FD2B-4CAF-9525-FDF9A393830A}.Debug|Any CPU.ActiveCfg = Debug|Any CPU
		{AE10C72A-FD2B-4CAF-9525-FDF9A393830A}.Debug|Any CPU.Build.0 = Debug|Any CPU
		{AE10C72A-FD2B-4CAF-9525-FDF9A393830A}.Release|Any CPU.ActiveCfg = Release|Any CPU
		{AE10C72A-FD2B-4CAF-9525-FDF9A393830A}.Release|Any CPU.Build.0 = Release|Any CPU
		{1E18EC08-0ACE-4D91-9330-92B35A3BC177}.Debug|Any CPU.ActiveCfg = Debug|Any CPU
		{1E18EC08-0ACE-4D91-9330-92B35A3BC177}.Debug|Any CPU.Build.0 = Debug|Any CPU
		{1E18EC08-0ACE-4D91-9330-92B35A3BC177}.Release|Any CPU.ActiveCfg = Release|Any CPU
		{1E18EC08-0ACE-4D91-9330-92B35A3BC177}.Release|Any CPU.Build.0 = Release|Any CPU
		{7F27730B-F4CD-4657-B091-F33360EC4913}.Debug|Any CPU.ActiveCfg = Debug|Any CPU
		{7F27730B-F4CD-4657-B091-F33360EC4913}.Debug|Any CPU.Build.0 = Debug|Any CPU
		{7F27730B-F4CD-4657-B091-F33360EC4913}.Release|Any CPU.ActiveCfg = Release|Any CPU
		{7F27730B-F4CD-4657-B091-F33360EC4913}.Release|Any CPU.Build.0 = Release|Any CPU
	EndGlobalSection
	GlobalSection(SolutionProperties) = preSolution
		HideSolutionNode = FALSE
	EndGlobalSection
	GlobalSection(NestedProjects) = preSolution
		{473C6D57-1C5B-411D-8429-7FD5873E4635} = {5A6C1974-3BA7-4FFA-B8A5-E8A08A98AB27}
		{B10FDE63-DF3D-46DB-9607-11C219CA8CEE} = {5A6C1974-3BA7-4FFA-B8A5-E8A08A98AB27}
		{27481250-77A7-4093-A4CB-3605C7198272} = {5A6C1974-3BA7-4FFA-B8A5-E8A08A98AB27}
		{868273C3-5D65-4E48-9FF0-0F9847257D15} = {5A6C1974-3BA7-4FFA-B8A5-E8A08A98AB27}
		{C351F361-6756-4C65-AFD0-4697BE838532} = {B10FDE63-DF3D-46DB-9607-11C219CA8CEE}
		{C163F936-5D3A-4AA9-B557-5EE3E14BD065} = {B10FDE63-DF3D-46DB-9607-11C219CA8CEE}
		{DCF57DB9-8AA4-444E-ADD3-2714F7B412CC} = {868273C3-5D65-4E48-9FF0-0F9847257D15}
		{AE10C72A-FD2B-4CAF-9525-FDF9A393830A} = {868273C3-5D65-4E48-9FF0-0F9847257D15}
		{1E18EC08-0ACE-4D91-9330-92B35A3BC177} = {27481250-77A7-4093-A4CB-3605C7198272}
		{7F27730B-F4CD-4657-B091-F33360EC4913} = {473C6D57-1C5B-411D-8429-7FD5873E4635}
	EndGlobalSection
EndGlobal
